
Microsoft Visual Studio Solution File, Format Version 12.00
# Visual Studio Version 16
VisualStudioVersion = 16.0.32228.343
MinimumVisualStudioVersion = 10.0.40219.1
Project("{FAE04EC0-301F-11D3-BF4B-00C04F79EFBC}") = "GiaiThuatTrungBinhWithService", "GiaiThuatTrungBinhWithService.csproj", "{C251F1BB-B8EA-44F5-B4FA-E309F2CAEDC6}"
EndProject
Global
	GlobalSection(SolutionConfigurationPlatforms) = preSolution
		Debug|Any CPU = Debug|Any CPU
		Release|Any CPU = Release|Any CPU
	EndGlobalSection
	GlobalSection(ProjectConfigurationPlatforms) = postSolution
		{C251F1BB-B8EA-44F5-B4FA-E309F2CAEDC6}.Debug|Any CPU.ActiveCfg = Debug|Any CPU
		{C251F1BB-B8EA-44F5-B4FA-E309F2CAEDC6}.Debug|Any CPU.Build.0 = Debug|Any CPU
		{C251F1BB-B8EA-44F5-B4FA-E309F2CAEDC6}.Release|Any CPU.ActiveCfg = Release|Any CPU
		{C251F1BB-B8EA-44F5-B4FA-E309F2CAEDC6}.Release|Any CPU.Build.0 = Release|Any CPU
	EndGlobalSection
	GlobalSection(SolutionProperties) = preSolution
		HideSolutionNode = FALSE
	EndGlobalSection
	GlobalSection(ExtensibilityGlobals) = postSolution
		SolutionGuid = {F4D7BAB9-1AEE-49A9-BF2C-C735EA2E0F0E}
	EndGlobalSection
EndGlobal
